<?xml version="1.0" encoding="utf-8"?>
<Project ToolsVersion="4.0" xmlns="http://schemas.microsoft.com/developer/msbuild/2003">
  <ItemGroup>
    <Filter Include="Source files">
      <UniqueIdentifier>{f044d0c7-b407-462b-be71-b0a1bac44b30}</UniqueIdentifier>
      <Extensions>cpp;c;cc;cxx;def;odl;idl;hpj;bat;asm;asmx</Extensions>
    </Filter>
    <Filter Include="Header files">
      <UniqueIdentifier>{184987bd-7402-41e5-8a6c-cfc1e0ecd24a}</UniqueIdentifier>
      <Extensions>h;hpp;hxx;hm;inl;inc;xsd</Extensions>
    </Filter>
    <Filter Include="Resource files">
      <UniqueIdentifier>{3247854b-f99b-4026-bba3-ee40d31f4103}</UniqueIdentifier>
      <Extensions>rc;ico;cur;bmp;dlg;rc2;rct;bin;rgs;gif;jpg;jpeg;jpe;resx;tiff;tif;png;wav</Extensions>
    </Filter>
    <Filter Include="Source files\Core">
      <UniqueIdentifier>{80433b8c-eb65-4b17-bafa-431038e33be0}</UniqueIdentifier>
    </Filter>
    <Filter Include="Source files\Core\Inc">
      <UniqueIdentifier>{1785e632-aff2-41c3-a72a-e58e561a6857}</UniqueIdentifier>
    </Filter>
    <Filter Include="Source files\Core\Src">
      <UniqueIdentifier>{2086d1ed-f468-4d65-8aca-61076797f7a6}</UniqueIdentifier>
    </Filter>
    <Filter Include="Source files\Core\Startup">
      <UniqueIdentifier>{7dc969d6-f43d-4f50-90e7-ed0d9bf1c8f5}</UniqueIdentifier>
    </Filter>
    <Filter Include="Source files\Middlewares">
      <UniqueIdentifier>{bf18451b-d629-47e0-be93-ccfeb8f9a7aa}</UniqueIdentifier>
    </Filter>
    <Filter Include="Source files\Middlewares\Third_Party">
      <UniqueIdentifier>{3c41738a-3001-41f9-a598-f65181f92cf7}</UniqueIdentifier>
    </Filter>
    <Filter Include="Source files\Middlewares\Third_Party\FreeRTOS">
      <UniqueIdentifier>{baa5d90c-494b-4b56-b091-515a917a5d18}</UniqueIdentifier>
    </Filter>
    <Filter Include="Source files\Middlewares\Third_Party\FreeRTOS\Source">
      <UniqueIdentifier>{872f36bc-8a12-47c8-be63-5a09e767c285}</UniqueIdentifier>
    </Filter>
    <Filter Include="Source files\Middlewares\Third_Party\FreeRTOS\Source\CMSIS_RTOS_V2">
      <UniqueIdentifier>{e291de9a-a8ed-46d5-b3d5-4d03670863a0}</UniqueIdentifier>
    </Filter>
    <Filter Include="Source files\Middlewares\Third_Party\FreeRTOS\Source\include">
      <UniqueIdentifier>{a4e85f57-a66d-4aba-890f-c100e015e241}</UniqueIdentifier>
    </Filter>
    <Filter Include="Source files\Middlewares\Third_Party\FreeRTOS\Source\portable">
      <UniqueIdentifier>{abeb4156-df78-4f20-ab88-5e44816e371b}</UniqueIdentifier>
    </Filter>
    <Filter Include="Source files\Middlewares\Third_Party\FreeRTOS\Source\portable\GCC">
      <UniqueIdentifier>{d9081889-e751-4cc7-8c36-04a0c5de66c9}</UniqueIdentifier>
    </Filter>
    <Filter Include="Source files\Middlewares\Third_Party\FreeRTOS\Source\portable\GCC\ARM_CM3">
      <UniqueIdentifier>{a2fd9d09-64fb-4251-b933-c8f99f114a57}</UniqueIdentifier>
    </Filter>
    <Filter Include="Source files\Middlewares\Third_Party\FreeRTOS\Source\portable\MemMang">
      <UniqueIdentifier>{125b6ebf-35c1-42b7-b90e-eae6ef5017cd}</UniqueIdentifier>
    </Filter>
    <Filter Include="Source files\Drivers">
      <UniqueIdentifier>{dc1c781a-a1bf-4237-8690-5c831c3a0b85}</UniqueIdentifier>
    </Filter>
    <Filter Include="Source files\Drivers\CMSIS">
      <UniqueIdentifier>{44259302-742f-4b2d-80d8-351315c6a500}</UniqueIdentifier>
    </Filter>
    <Filter Include="Source files\Drivers\CMSIS\Device">
      <UniqueIdentifier>{4902bdba-6134-4cec-b74f-b8ab2e4a8644}</UniqueIdentifier>
    </Filter>
    <Filter Include="Source files\Drivers\CMSIS\Device\ST">
      <UniqueIdentifier>{ddaae379-4739-473a-92f6-b38931eb7928}</UniqueIdentifier>
    </Filter>
    <Filter Include="Source files\Drivers\CMSIS\Device\ST\STM32F1xx">
      <UniqueIdentifier>{b36c229d-b2fb-462d-922b-475ba5db6f1d}</UniqueIdentifier>
    </Filter>
    <Filter Include="Source files\Drivers\CMSIS\Device\ST\STM32F1xx\Include">
      <UniqueIdentifier>{7f40a8a7-052a-4d34-9b89-4795738c51c3}</UniqueIdentifier>
    </Filter>
    <Filter Include="Source files\Drivers\CMSIS\Include">
      <UniqueIdentifier>{4e992831-3397-46fc-92a7-0cdcec8eba6a}</UniqueIdentifier>
    </Filter>
    <Filter Include="Source files\Drivers\STM32F1xx_HAL_Driver">
      <UniqueIdentifier>{03d3f415-95a3-4cca-9908-e29e8710b065}</UniqueIdentifier>
    </Filter>
    <Filter Include="Source files\Drivers\STM32F1xx_HAL_Driver\Inc">
      <UniqueIdentifier>{df9cee45-d1c4-4018-94be-d8c1fea59671}</UniqueIdentifier>
    </Filter>
    <Filter Include="Source files\Drivers\STM32F1xx_HAL_Driver\Inc\Legacy">
      <UniqueIdentifier>{81bae30b-8bac-4847-8904-6a95d1f046d7}</UniqueIdentifier>
    </Filter>
    <Filter Include="Source files\Drivers\STM32F1xx_HAL_Driver\Src">
      <UniqueIdentifier>{fa3577ea-614f-4410-89d4-4b349b1fb0f1}</UniqueIdentifier>
    </Filter>
    <Filter Include="Source files\Device-specific files">
      <UniqueIdentifier>{e9dd66ad-7443-4ad5-a4b3-f2e1ccc724cf}</UniqueIdentifier>
    </Filter>
    <Filter Include="Header files\Core">
      <UniqueIdentifier>{74b35bee-f895-410d-b690-5bf241eda1eb}</UniqueIdentifier>
    </Filter>
    <Filter Include="Header files\Core\Inc">
      <UniqueIdentifier>{ff55cfe5-1cd8-463e-b252-d01d7b1ac2c9}</UniqueIdentifier>
    </Filter>
    <Filter Include="Header files\Core\Src">
      <UniqueIdentifier>{4ace00ac-ba74-4e0e-b29e-e326af2dbcf3}</UniqueIdentifier>
    </Filter>
    <Filter Include="Header files\Core\Startup">
      <UniqueIdentifier>{17db65e0-e651-4a98-b5da-c82bcf3e7428}</UniqueIdentifier>
    </Filter>
    <Filter Include="Header files\Middlewares">
      <UniqueIdentifier>{28990fde-6586-4db0-84aa-f039db424819}</UniqueIdentifier>
    </Filter>
    <Filter Include="Header files\Middlewares\Third_Party">
      <UniqueIdentifier>{435e886d-5a06-44d4-9bd4-2b04e4f35620}</UniqueIdentifier>
    </Filter>
    <Filter Include="Header files\Middlewares\Third_Party\FreeRTOS">
      <UniqueIdentifier>{c883d995-d772-4e63-979b-df624a013faf}</UniqueIdentifier>
    </Filter>
    <Filter Include="Header files\Middlewares\Third_Party\FreeRTOS\Source">
      <UniqueIdentifier>{c7ad3d38-df7b-468c-8199-340aa13ec160}</UniqueIdentifier>
    </Filter>
    <Filter Include="Header files\Middlewares\Third_Party\FreeRTOS\Source\CMSIS_RTOS_V2">
      <UniqueIdentifier>{c60b0ab4-656c-4b15-9fbb-b8eecc791af9}</UniqueIdentifier>
    </Filter>
    <Filter Include="Header files\Middlewares\Third_Party\FreeRTOS\Source\include">
      <UniqueIdentifier>{aebb68c1-1d95-4595-9aae-029f2fdff81d}</UniqueIdentifier>
    </Filter>
    <Filter Include="Header files\Middlewares\Third_Party\FreeRTOS\Source\portable">
      <UniqueIdentifier>{914d34a5-3a3b-4c91-a863-8041cc05964f}</UniqueIdentifier>
    </Filter>
    <Filter Include="Header files\Middlewares\Third_Party\FreeRTOS\Source\portable\GCC">
      <UniqueIdentifier>{8ce7559b-5e98-4fb1-8480-4195d5cfed74}</UniqueIdentifier>
    </Filter>
    <Filter Include="Header files\Middlewares\Third_Party\FreeRTOS\Source\portable\GCC\ARM_CM3">
      <UniqueIdentifier>{c867f474-4bde-49ab-ab36-9307524c6885}</UniqueIdentifier>
    </Filter>
    <Filter Include="Header files\Middlewares\Third_Party\FreeRTOS\Source\portable\MemMang">
      <UniqueIdentifier>{b682f5eb-383b-45ae-8bf4-06276fee77e6}</UniqueIdentifier>
    </Filter>
    <Filter Include="Header files\Drivers">
      <UniqueIdentifier>{81505338-397a-4ae2-8e08-d12482cf6030}</UniqueIdentifier>
    </Filter>
    <Filter Include="Header files\Drivers\CMSIS">
      <UniqueIdentifier>{50841c45-11b6-41fb-a0bb-42cfd7456dd0}</UniqueIdentifier>
    </Filter>
    <Filter Include="Header files\Drivers\CMSIS\Device">
      <UniqueIdentifier>{7c4f024a-86d4-4796-8af4-037ab9bc03fb}</UniqueIdentifier>
    </Filter>
    <Filter Include="Header files\Drivers\CMSIS\Device\ST">
      <UniqueIdentifier>{2fd786e5-edc2-43cb-b520-fb75e7651d36}</UniqueIdentifier>
    </Filter>
    <Filter Include="Header files\Drivers\CMSIS\Device\ST\STM32F1xx">
      <UniqueIdentifier>{dfd55324-6dc7-420a-bc6a-af1f42dfcf19}</UniqueIdentifier>
    </Filter>
    <Filter Include="Header files\Drivers\CMSIS\Device\ST\STM32F1xx\Include">
      <UniqueIdentifier>{f3c7cf04-75ca-4dde-b083-1b9dc22938f2}</UniqueIdentifier>
    </Filter>
    <Filter Include="Header files\Drivers\CMSIS\Include">
      <UniqueIdentifier>{db6490de-b91f-4311-89bd-2dcb5b91e919}</UniqueIdentifier>
    </Filter>
    <Filter Include="Header files\Drivers\STM32F1xx_HAL_Driver">
      <UniqueIdentifier>{ae0f9090-e2cb-4551-8f82-2deb9d73996c}</UniqueIdentifier>
    </Filter>
    <Filter Include="Header files\Drivers\STM32F1xx_HAL_Driver\Inc">
      <UniqueIdentifier>{e0581f6a-8363-4e98-adf0-edcad13ed083}</UniqueIdentifier>
    </Filter>
    <Filter Include="Header files\Drivers\STM32F1xx_HAL_Driver\Inc\Legacy">
      <UniqueIdentifier>{cd766e84-8139-4031-a717-e174a88e0490}</UniqueIdentifier>
    </Filter>
    <Filter Include="Header files\Drivers\STM32F1xx_HAL_Driver\Src">
      <UniqueIdentifier>{f2978642-9ff1-4ca2-a4a7-e90519037ca1}</UniqueIdentifier>
    </Filter>
    <Filter Include="Header files\Device-specific files">
      <UniqueIdentifier>{351d5207-0f0c-451f-bdc9-64a0de8459ee}</UniqueIdentifier>
    </Filter>
    <Filter Include="VisualGDB settings">
      <UniqueIdentifier>{102224b8-1953-4ac9-8ee7-64e50bb019e4}</UniqueIdentifier>
    </Filter>
    <Filter Include="Header files\Libs">
      <UniqueIdentifier>{0df00fd3-ad3d-4509-a0e4-9a5d98a96b2f}</UniqueIdentifier>
    </Filter>
    <Filter Include="Source files\Libs">
      <UniqueIdentifier>{289adceb-e0f8-4333-bcbb-13f2593dfec3}</UniqueIdentifier>
    </Filter>
    <Filter Include="Header files\Libs\DeviceDrivers">
      <UniqueIdentifier>{07514907-4463-4379-8f28-3d293e3df7e5}</UniqueIdentifier>
    </Filter>
    <Filter Include="Source files\Libs\DeviceDrivers">
      <UniqueIdentifier>{c841b8a7-a5b1-4aa5-8a26-7b0c7e513343}</UniqueIdentifier>
    </Filter>
    <Filter Include="Header files\Libs\Helpers">
      <UniqueIdentifier>{53ce42c8-440f-46b0-be21-bbd7ffd963e8}</UniqueIdentifier>
    </Filter>
    <Filter Include="Source files\Libs\Helpers">
      <UniqueIdentifier>{83a17c2c-4714-435a-8353-a9b42bd5286a}</UniqueIdentifier>
    </Filter>
    <Filter Include="Header files\Libs\HighLevelModules">
      <UniqueIdentifier>{e04ab389-ce2f-4c8a-a51c-dfd7cf8e1b47}</UniqueIdentifier>
    </Filter>
    <Filter Include="Source files\Libs\HighLevelModules">
      <UniqueIdentifier>{718fe823-e0d9-4989-a97e-e69c6e2cb75a}</UniqueIdentifier>
    </Filter>
    <Filter Include="Header files\Libs\MainLogic">
      <UniqueIdentifier>{369cccab-ef71-4f2a-a6a6-6ce465541283}</UniqueIdentifier>
    </Filter>
    <Filter Include="Source files\Libs\MainLogic">
      <UniqueIdentifier>{98a1c1ab-f5b5-4955-9bac-3bb0d57e5610}</UniqueIdentifier>
    </Filter>
  </ItemGroup>
  <ItemGroup>
    <ClInclude Include="Core\Inc\FreeRTOSConfig.h">
      <Filter>Source files\Core\Inc</Filter>
    </ClInclude>
    <ClInclude Include="Core\Inc\main.h">
      <Filter>Source files\Core\Inc</Filter>
    </ClInclude>
    <ClInclude Include="Core\Inc\stm32f1xx_hal_conf.h">
      <Filter>Source files\Core\Inc</Filter>
    </ClInclude>
    <ClInclude Include="Core\Inc\stm32f1xx_it.h">
      <Filter>Source files\Core\Inc</Filter>
    </ClInclude>
    <ClCompile Include="Core\Src\freertos.c">
      <Filter>Source files\Core\Src</Filter>
    </ClCompile>
    <ClCompile Include="Core\Src\main.c">
      <Filter>Source files\Core\Src</Filter>
    </ClCompile>
    <ClCompile Include="Core\Src\stm32f1xx_hal_msp.c">
      <Filter>Source files\Core\Src</Filter>
    </ClCompile>
    <ClCompile Include="Core\Src\stm32f1xx_hal_timebase_tim.c">
      <Filter>Source files\Core\Src</Filter>
    </ClCompile>
    <ClCompile Include="Core\Src\stm32f1xx_it.c">
      <Filter>Source files\Core\Src</Filter>
    </ClCompile>
    <ClCompile Include="Core\Src\syscalls.c">
      <Filter>Source files\Core\Src</Filter>
    </ClCompile>
    <ClCompile Include="Core\Src\sysmem.c">
      <Filter>Source files\Core\Src</Filter>
    </ClCompile>
    <ClCompile Include="Core\Src\system_stm32f1xx.c">
      <Filter>Source files\Core\Src</Filter>
    </ClCompile>
    <ClCompile Include="Core\Startup\startup_stm32f103c8tx.S">
      <Filter>Source files\Core\Startup</Filter>
    </ClCompile>
    <ClCompile Include="Middlewares\Third_Party\FreeRTOS\Source\croutine.c">
      <Filter>Source files\Middlewares\Third_Party\FreeRTOS\Source</Filter>
    </ClCompile>
    <ClCompile Include="Middlewares\Third_Party\FreeRTOS\Source\event_groups.c">
      <Filter>Source files\Middlewares\Third_Party\FreeRTOS\Source</Filter>
    </ClCompile>
    <ClCompile Include="Middlewares\Third_Party\FreeRTOS\Source\list.c">
      <Filter>Source files\Middlewares\Third_Party\FreeRTOS\Source</Filter>
    </ClCompile>
    <ClCompile Include="Middlewares\Third_Party\FreeRTOS\Source\queue.c">
      <Filter>Source files\Middlewares\Third_Party\FreeRTOS\Source</Filter>
    </ClCompile>
    <ClCompile Include="Middlewares\Third_Party\FreeRTOS\Source\stream_buffer.c">
      <Filter>Source files\Middlewares\Third_Party\FreeRTOS\Source</Filter>
    </ClCompile>
    <ClCompile Include="Middlewares\Third_Party\FreeRTOS\Source\tasks.c">
      <Filter>Source files\Middlewares\Third_Party\FreeRTOS\Source</Filter>
    </ClCompile>
    <ClCompile Include="Middlewares\Third_Party\FreeRTOS\Source\timers.c">
      <Filter>Source files\Middlewares\Third_Party\FreeRTOS\Source</Filter>
    </ClCompile>
    <ClInclude Include="Middlewares\Third_Party\FreeRTOS\Source\CMSIS_RTOS_V2\cmsis_os.h">
      <Filter>Source files\Middlewares\Third_Party\FreeRTOS\Source\CMSIS_RTOS_V2</Filter>
    </ClInclude>
    <ClCompile Include="Middlewares\Third_Party\FreeRTOS\Source\CMSIS_RTOS_V2\cmsis_os2.c">
      <Filter>Source files\Middlewares\Third_Party\FreeRTOS\Source\CMSIS_RTOS_V2</Filter>
    </ClCompile>
    <ClInclude Include="Middlewares\Third_Party\FreeRTOS\Source\CMSIS_RTOS_V2\cmsis_os2.h">
      <Filter>Source files\Middlewares\Third_Party\FreeRTOS\Source\CMSIS_RTOS_V2</Filter>
    </ClInclude>
    <ClInclude Include="Middlewares\Third_Party\FreeRTOS\Source\include\croutine.h">
      <Filter>Source files\Middlewares\Third_Party\FreeRTOS\Source\include</Filter>
    </ClInclude>
    <ClInclude Include="Middlewares\Third_Party\FreeRTOS\Source\include\deprecated_definitions.h">
      <Filter>Source files\Middlewares\Third_Party\FreeRTOS\Source\include</Filter>
    </ClInclude>
    <ClInclude Include="Middlewares\Third_Party\FreeRTOS\Source\include\event_groups.h">
      <Filter>Source files\Middlewares\Third_Party\FreeRTOS\Source\include</Filter>
    </ClInclude>
    <ClInclude Include="Middlewares\Third_Party\FreeRTOS\Source\include\FreeRTOS.h">
      <Filter>Source files\Middlewares\Third_Party\FreeRTOS\Source\include</Filter>
    </ClInclude>
    <ClInclude Include="Middlewares\Third_Party\FreeRTOS\Source\include\list.h">
      <Filter>Source files\Middlewares\Third_Party\FreeRTOS\Source\include</Filter>
    </ClInclude>
    <ClInclude Include="Middlewares\Third_Party\FreeRTOS\Source\include\message_buffer.h">
      <Filter>Source files\Middlewares\Third_Party\FreeRTOS\Source\include</Filter>
    </ClInclude>
    <ClInclude Include="Middlewares\Third_Party\FreeRTOS\Source\include\mpu_prototypes.h">
      <Filter>Source files\Middlewares\Third_Party\FreeRTOS\Source\include</Filter>
    </ClInclude>
    <ClInclude Include="Middlewares\Third_Party\FreeRTOS\Source\include\mpu_wrappers.h">
      <Filter>Source files\Middlewares\Third_Party\FreeRTOS\Source\include</Filter>
    </ClInclude>
    <ClInclude Include="Middlewares\Third_Party\FreeRTOS\Source\include\portable.h">
      <Filter>Source files\Middlewares\Third_Party\FreeRTOS\Source\include</Filter>
    </ClInclude>
    <ClInclude Include="Middlewares\Third_Party\FreeRTOS\Source\include\projdefs.h">
      <Filter>Source files\Middlewares\Third_Party\FreeRTOS\Source\include</Filter>
    </ClInclude>
    <ClInclude Include="Middlewares\Third_Party\FreeRTOS\Source\include\queue.h">
      <Filter>Source files\Middlewares\Third_Party\FreeRTOS\Source\include</Filter>
    </ClInclude>
    <ClInclude Include="Middlewares\Third_Party\FreeRTOS\Source\include\semphr.h">
      <Filter>Source files\Middlewares\Third_Party\FreeRTOS\Source\include</Filter>
    </ClInclude>
    <ClInclude Include="Middlewares\Third_Party\FreeRTOS\Source\include\StackMacros.h">
      <Filter>Source files\Middlewares\Third_Party\FreeRTOS\Source\include</Filter>
    </ClInclude>
    <ClInclude Include="Middlewares\Third_Party\FreeRTOS\Source\include\stack_macros.h">
      <Filter>Source files\Middlewares\Third_Party\FreeRTOS\Source\include</Filter>
    </ClInclude>
    <ClInclude Include="Middlewares\Third_Party\FreeRTOS\Source\include\stream_buffer.h">
      <Filter>Source files\Middlewares\Third_Party\FreeRTOS\Source\include</Filter>
    </ClInclude>
    <ClInclude Include="Middlewares\Third_Party\FreeRTOS\Source\include\task.h">
      <Filter>Source files\Middlewares\Third_Party\FreeRTOS\Source\include</Filter>
    </ClInclude>
    <ClInclude Include="Middlewares\Third_Party\FreeRTOS\Source\include\timers.h">
      <Filter>Source files\Middlewares\Third_Party\FreeRTOS\Source\include</Filter>
    </ClInclude>
    <ClCompile Include="Middlewares\Third_Party\FreeRTOS\Source\portable\GCC\ARM_CM3\port.c">
      <Filter>Source files\Middlewares\Third_Party\FreeRTOS\Source\portable\GCC\ARM_CM3</Filter>
    </ClCompile>
    <ClInclude Include="Middlewares\Third_Party\FreeRTOS\Source\portable\GCC\ARM_CM3\portmacro.h">
      <Filter>Source files\Middlewares\Third_Party\FreeRTOS\Source\portable\GCC\ARM_CM3</Filter>
    </ClInclude>
    <ClCompile Include="Middlewares\Third_Party\FreeRTOS\Source\portable\MemMang\heap_4.c">
      <Filter>Source files\Middlewares\Third_Party\FreeRTOS\Source\portable\MemMang</Filter>
    </ClCompile>
    <ClInclude Include="Drivers\CMSIS\Device\ST\STM32F1xx\Include\stm32f103xb.h">
      <Filter>Source files\Drivers\CMSIS\Device\ST\STM32F1xx\Include</Filter>
    </ClInclude>
    <ClInclude Include="Drivers\CMSIS\Device\ST\STM32F1xx\Include\stm32f1xx.h">
      <Filter>Source files\Drivers\CMSIS\Device\ST\STM32F1xx\Include</Filter>
    </ClInclude>
    <ClInclude Include="Drivers\CMSIS\Device\ST\STM32F1xx\Include\system_stm32f1xx.h">
      <Filter>Source files\Drivers\CMSIS\Device\ST\STM32F1xx\Include</Filter>
    </ClInclude>
    <ClInclude Include="Drivers\CMSIS\Include\cmsis_armcc.h">
      <Filter>Source files\Drivers\CMSIS\Include</Filter>
    </ClInclude>
    <ClInclude Include="Drivers\CMSIS\Include\cmsis_armclang.h">
      <Filter>Source files\Drivers\CMSIS\Include</Filter>
    </ClInclude>
    <ClInclude Include="Drivers\CMSIS\Include\cmsis_compiler.h">
      <Filter>Source files\Drivers\CMSIS\Include</Filter>
    </ClInclude>
    <ClInclude Include="Drivers\CMSIS\Include\cmsis_gcc.h">
      <Filter>Source files\Drivers\CMSIS\Include</Filter>
    </ClInclude>
    <ClInclude Include="Drivers\CMSIS\Include\cmsis_iccarm.h">
      <Filter>Source files\Drivers\CMSIS\Include</Filter>
    </ClInclude>
    <ClInclude Include="Drivers\CMSIS\Include\cmsis_version.h">
      <Filter>Source files\Drivers\CMSIS\Include</Filter>
    </ClInclude>
    <ClInclude Include="Drivers\CMSIS\Include\core_armv8mbl.h">
      <Filter>Source files\Drivers\CMSIS\Include</Filter>
    </ClInclude>
    <ClInclude Include="Drivers\CMSIS\Include\core_armv8mml.h">
      <Filter>Source files\Drivers\CMSIS\Include</Filter>
    </ClInclude>
    <ClInclude Include="Drivers\CMSIS\Include\core_cm0.h">
      <Filter>Source files\Drivers\CMSIS\Include</Filter>
    </ClInclude>
    <ClInclude Include="Drivers\CMSIS\Include\core_cm0plus.h">
      <Filter>Source files\Drivers\CMSIS\Include</Filter>
    </ClInclude>
    <ClInclude Include="Drivers\CMSIS\Include\core_cm1.h">
      <Filter>Source files\Drivers\CMSIS\Include</Filter>
    </ClInclude>
    <ClInclude Include="Drivers\CMSIS\Include\core_cm23.h">
      <Filter>Source files\Drivers\CMSIS\Include</Filter>
    </ClInclude>
    <ClInclude Include="Drivers\CMSIS\Include\core_cm3.h">
      <Filter>Source files\Drivers\CMSIS\Include</Filter>
    </ClInclude>
    <ClInclude Include="Drivers\CMSIS\Include\core_cm33.h">
      <Filter>Source files\Drivers\CMSIS\Include</Filter>
    </ClInclude>
    <ClInclude Include="Drivers\CMSIS\Include\core_cm4.h">
      <Filter>Source files\Drivers\CMSIS\Include</Filter>
    </ClInclude>
    <ClInclude Include="Drivers\CMSIS\Include\core_cm7.h">
      <Filter>Source files\Drivers\CMSIS\Include</Filter>
    </ClInclude>
    <ClInclude Include="Drivers\CMSIS\Include\core_sc000.h">
      <Filter>Source files\Drivers\CMSIS\Include</Filter>
    </ClInclude>
    <ClInclude Include="Drivers\CMSIS\Include\core_sc300.h">
      <Filter>Source files\Drivers\CMSIS\Include</Filter>
    </ClInclude>
    <ClInclude Include="Drivers\CMSIS\Include\mpu_armv7.h">
      <Filter>Source files\Drivers\CMSIS\Include</Filter>
    </ClInclude>
    <ClInclude Include="Drivers\CMSIS\Include\mpu_armv8.h">
      <Filter>Source files\Drivers\CMSIS\Include</Filter>
    </ClInclude>
    <ClInclude Include="Drivers\CMSIS\Include\tz_context.h">
      <Filter>Source files\Drivers\CMSIS\Include</Filter>
    </ClInclude>
    <ClInclude Include="Drivers\STM32F1xx_HAL_Driver\Inc\stm32f1xx_hal.h">
      <Filter>Source files\Drivers\STM32F1xx_HAL_Driver\Inc</Filter>
    </ClInclude>
    <ClInclude Include="Drivers\STM32F1xx_HAL_Driver\Inc\stm32f1xx_hal_cortex.h">
      <Filter>Source files\Drivers\STM32F1xx_HAL_Driver\Inc</Filter>
    </ClInclude>
    <ClInclude Include="Drivers\STM32F1xx_HAL_Driver\Inc\stm32f1xx_hal_def.h">
      <Filter>Source files\Drivers\STM32F1xx_HAL_Driver\Inc</Filter>
    </ClInclude>
    <ClInclude Include="Drivers\STM32F1xx_HAL_Driver\Inc\stm32f1xx_hal_dma.h">
      <Filter>Source files\Drivers\STM32F1xx_HAL_Driver\Inc</Filter>
    </ClInclude>
    <ClInclude Include="Drivers\STM32F1xx_HAL_Driver\Inc\stm32f1xx_hal_dma_ex.h">
      <Filter>Source files\Drivers\STM32F1xx_HAL_Driver\Inc</Filter>
    </ClInclude>
    <ClInclude Include="Drivers\STM32F1xx_HAL_Driver\Inc\stm32f1xx_hal_exti.h">
      <Filter>Source files\Drivers\STM32F1xx_HAL_Driver\Inc</Filter>
    </ClInclude>
    <ClInclude Include="Drivers\STM32F1xx_HAL_Driver\Inc\stm32f1xx_hal_flash.h">
      <Filter>Source files\Drivers\STM32F1xx_HAL_Driver\Inc</Filter>
    </ClInclude>
    <ClInclude Include="Drivers\STM32F1xx_HAL_Driver\Inc\stm32f1xx_hal_flash_ex.h">
      <Filter>Source files\Drivers\STM32F1xx_HAL_Driver\Inc</Filter>
    </ClInclude>
    <ClInclude Include="Drivers\STM32F1xx_HAL_Driver\Inc\stm32f1xx_hal_gpio.h">
      <Filter>Source files\Drivers\STM32F1xx_HAL_Driver\Inc</Filter>
    </ClInclude>
    <ClInclude Include="Drivers\STM32F1xx_HAL_Driver\Inc\stm32f1xx_hal_gpio_ex.h">
      <Filter>Source files\Drivers\STM32F1xx_HAL_Driver\Inc</Filter>
    </ClInclude>
    <ClInclude Include="Drivers\STM32F1xx_HAL_Driver\Inc\stm32f1xx_hal_iwdg.h">
      <Filter>Source files\Drivers\STM32F1xx_HAL_Driver\Inc</Filter>
    </ClInclude>
    <ClInclude Include="Drivers\STM32F1xx_HAL_Driver\Inc\stm32f1xx_hal_pwr.h">
      <Filter>Source files\Drivers\STM32F1xx_HAL_Driver\Inc</Filter>
    </ClInclude>
    <ClInclude Include="Drivers\STM32F1xx_HAL_Driver\Inc\stm32f1xx_hal_rcc.h">
      <Filter>Source files\Drivers\STM32F1xx_HAL_Driver\Inc</Filter>
    </ClInclude>
    <ClInclude Include="Drivers\STM32F1xx_HAL_Driver\Inc\stm32f1xx_hal_rcc_ex.h">
      <Filter>Source files\Drivers\STM32F1xx_HAL_Driver\Inc</Filter>
    </ClInclude>
    <ClInclude Include="Drivers\STM32F1xx_HAL_Driver\Inc\stm32f1xx_hal_rtc.h">
      <Filter>Source files\Drivers\STM32F1xx_HAL_Driver\Inc</Filter>
    </ClInclude>
    <ClInclude Include="Drivers\STM32F1xx_HAL_Driver\Inc\stm32f1xx_hal_rtc_ex.h">
      <Filter>Source files\Drivers\STM32F1xx_HAL_Driver\Inc</Filter>
    </ClInclude>
    <ClInclude Include="Drivers\STM32F1xx_HAL_Driver\Inc\stm32f1xx_hal_spi.h">
      <Filter>Source files\Drivers\STM32F1xx_HAL_Driver\Inc</Filter>
    </ClInclude>
    <ClInclude Include="Drivers\STM32F1xx_HAL_Driver\Inc\stm32f1xx_hal_tim.h">
      <Filter>Source files\Drivers\STM32F1xx_HAL_Driver\Inc</Filter>
    </ClInclude>
    <ClInclude Include="Drivers\STM32F1xx_HAL_Driver\Inc\stm32f1xx_hal_tim_ex.h">
      <Filter>Source files\Drivers\STM32F1xx_HAL_Driver\Inc</Filter>
    </ClInclude>
    <ClInclude Include="Drivers\STM32F1xx_HAL_Driver\Inc\Legacy\stm32_hal_legacy.h">
      <Filter>Source files\Drivers\STM32F1xx_HAL_Driver\Inc\Legacy</Filter>
    </ClInclude>
    <ClCompile Include="Drivers\STM32F1xx_HAL_Driver\Src\stm32f1xx_hal.c">
      <Filter>Source files\Drivers\STM32F1xx_HAL_Driver\Src</Filter>
    </ClCompile>
    <ClCompile Include="Drivers\STM32F1xx_HAL_Driver\Src\stm32f1xx_hal_cortex.c">
      <Filter>Source files\Drivers\STM32F1xx_HAL_Driver\Src</Filter>
    </ClCompile>
    <ClCompile Include="Drivers\STM32F1xx_HAL_Driver\Src\stm32f1xx_hal_dma.c">
      <Filter>Source files\Drivers\STM32F1xx_HAL_Driver\Src</Filter>
    </ClCompile>
    <ClCompile Include="Drivers\STM32F1xx_HAL_Driver\Src\stm32f1xx_hal_exti.c">
      <Filter>Source files\Drivers\STM32F1xx_HAL_Driver\Src</Filter>
    </ClCompile>
    <ClCompile Include="Drivers\STM32F1xx_HAL_Driver\Src\stm32f1xx_hal_flash.c">
      <Filter>Source files\Drivers\STM32F1xx_HAL_Driver\Src</Filter>
    </ClCompile>
    <ClCompile Include="Drivers\STM32F1xx_HAL_Driver\Src\stm32f1xx_hal_flash_ex.c">
      <Filter>Source files\Drivers\STM32F1xx_HAL_Driver\Src</Filter>
    </ClCompile>
    <ClCompile Include="Drivers\STM32F1xx_HAL_Driver\Src\stm32f1xx_hal_gpio.c">
      <Filter>Source files\Drivers\STM32F1xx_HAL_Driver\Src</Filter>
    </ClCompile>
    <ClCompile Include="Drivers\STM32F1xx_HAL_Driver\Src\stm32f1xx_hal_gpio_ex.c">
      <Filter>Source files\Drivers\STM32F1xx_HAL_Driver\Src</Filter>
    </ClCompile>
    <ClCompile Include="Drivers\STM32F1xx_HAL_Driver\Src\stm32f1xx_hal_iwdg.c">
      <Filter>Source files\Drivers\STM32F1xx_HAL_Driver\Src</Filter>
    </ClCompile>
    <ClCompile Include="Drivers\STM32F1xx_HAL_Driver\Src\stm32f1xx_hal_pwr.c">
      <Filter>Source files\Drivers\STM32F1xx_HAL_Driver\Src</Filter>
    </ClCompile>
    <ClCompile Include="Drivers\STM32F1xx_HAL_Driver\Src\stm32f1xx_hal_rcc.c">
      <Filter>Source files\Drivers\STM32F1xx_HAL_Driver\Src</Filter>
    </ClCompile>
    <ClCompile Include="Drivers\STM32F1xx_HAL_Driver\Src\stm32f1xx_hal_rcc_ex.c">
      <Filter>Source files\Drivers\STM32F1xx_HAL_Driver\Src</Filter>
    </ClCompile>
    <ClCompile Include="Drivers\STM32F1xx_HAL_Driver\Src\stm32f1xx_hal_rtc.c">
      <Filter>Source files\Drivers\STM32F1xx_HAL_Driver\Src</Filter>
    </ClCompile>
    <ClCompile Include="Drivers\STM32F1xx_HAL_Driver\Src\stm32f1xx_hal_rtc_ex.c">
      <Filter>Source files\Drivers\STM32F1xx_HAL_Driver\Src</Filter>
    </ClCompile>
    <ClCompile Include="Drivers\STM32F1xx_HAL_Driver\Src\stm32f1xx_hal_spi.c">
      <Filter>Source files\Drivers\STM32F1xx_HAL_Driver\Src</Filter>
    </ClCompile>
    <ClCompile Include="Drivers\STM32F1xx_HAL_Driver\Src\stm32f1xx_hal_tim.c">
      <Filter>Source files\Drivers\STM32F1xx_HAL_Driver\Src</Filter>
    </ClCompile>
    <ClCompile Include="Drivers\STM32F1xx_HAL_Driver\Src\stm32f1xx_hal_tim_ex.c">
      <Filter>Source files\Drivers\STM32F1xx_HAL_Driver\Src</Filter>
    </ClCompile>
    <None Include="stm32.props">
      <Filter>Source files\Device-specific files</Filter>
    </None>
    <None Include="tasc-Debug.vgdbsettings">
      <Filter>VisualGDB settings</Filter>
    </None>
    <None Include="tasc-Release.vgdbsettings">
      <Filter>VisualGDB settings</Filter>
    </None>
    <None Include="stm32.xml">
      <Filter>VisualGDB settings</Filter>
    </None>
    <ClInclude Include="Libs\DeviceDrivers\DS18B20Driver.h">
      <Filter>Header files\Libs\DeviceDrivers</Filter>
    </ClInclude>
    <ClInclude Include="Libs\DeviceDrivers\HC595.h">
      <Filter>Header files\Libs\DeviceDrivers</Filter>
    </ClInclude>
    <ClInclude Include="Libs\DeviceDrivers\IndicatorsDriver.h">
      <Filter>Header files\Libs\DeviceDrivers</Filter>
    </ClInclude>
    <ClInclude Include="Libs\DeviceDrivers\Outputs.h">
      <Filter>Header files\Libs\DeviceDrivers</Filter>
    </ClInclude>
    <ClInclude Include="Libs\DeviceDrivers\StateInputs.h">
      <Filter>Header files\Libs\DeviceDrivers</Filter>
    </ClInclude>
    <ClInclude Include="Libs\Helpers\RTOSWD.h">
      <Filter>Header files\Libs\Helpers</Filter>
    </ClInclude>
    <ClInclude Include="Libs\HighLevelModules\Controllers.h">
      <Filter>Header files\Libs\HighLevelModules</Filter>
    </ClInclude>
    <ClInclude Include="Libs\HighLevelModules\MemoryManagement.h">
      <Filter>Header files\Libs\HighLevelModules</Filter>
    </ClInclude>
    <ClInclude Include="Libs\HighLevelModules\ThermalSensors.h">
      <Filter>Header files\Libs\HighLevelModules</Filter>
    </ClInclude>
    <ClInclude Include="Libs\MainLogic\MainLogic.h">
      <Filter>Header files\Libs\MainLogic</Filter>
    </ClInclude>
  </ItemGroup>
  <ItemGroup>
    <ClCompile Include="Libs\DeviceDrivers\DS18B20Driver.c">
      <Filter>Source files\Libs\DeviceDrivers</Filter>
    </ClCompile>
    <ClCompile Include="Libs\DeviceDrivers\HC595.c">
      <Filter>Source files\Libs\DeviceDrivers</Filter>
    </ClCompile>
    <ClCompile Include="Libs\DeviceDrivers\IndicatorsDriver.c">
      <Filter>Source files\Libs\DeviceDrivers</Filter>
    </ClCompile>
    <ClCompile Include="Libs\DeviceDrivers\Outputs.c">
      <Filter>Source files\Libs\DeviceDrivers</Filter>
    </ClCompile>
    <ClCompile Include="Libs\DeviceDrivers\StateInputs.c">
      <Filter>Source files\Libs\DeviceDrivers</Filter>
    </ClCompile>
    <ClCompile Include="Libs\Helpers\RTOSWD.c">
      <Filter>Source files\Libs\Helpers</Filter>
    </ClCompile>
    <ClCompile Include="Libs\HighLevelModules\Controllers.c">
      <Filter>Source files\Libs\HighLevelModules</Filter>
    </ClCompile>
    <ClCompile Include="Libs\HighLevelModules\MemoryManagement.c">
      <Filter>Source files\Libs\HighLevelModules</Filter>
    </ClCompile>
    <ClCompile Include="Libs\HighLevelModules\ThermalSensors.c">
      <Filter>Source files\Libs\HighLevelModules</Filter>
    </ClCompile>
    <ClCompile Include="Libs\MainLogic\MainLogic.c">
      <Filter>Source files\Libs\MainLogic</Filter>
    </ClCompile>
  </ItemGroup>
</Project>